
Microsoft Visual Studio Solution File, Format Version 12.00
# Visual Studio Version 16
VisualStudioVersion = 16.0.31624.102
MinimumVisualStudioVersion = 10.0.40219.1
Project("{FAE04EC0-301F-11D3-BF4B-00C04F79EFBC}") = "Student exam transcripts", "Student exam transcripts\Student exam transcripts.csproj", "{C05E207D-3CD1-498B-BEE4-D52AE53899F3}"
EndProject
Global
	GlobalSection(SolutionConfigurationPlatforms) = preSolution
		Debug|Any CPU = Debug|Any CPU
		Release|Any CPU = Release|Any CPU
	EndGlobalSection
	GlobalSection(ProjectConfigurationPlatforms) = postSolution
		{C05E207D-3CD1-498B-BEE4-D52AE53899F3}.Debug|Any CPU.ActiveCfg = Debug|Any CPU
		{C05E207D-3CD1-498B-BEE4-D52AE53899F3}.Debug|Any CPU.Build.0 = Debug|Any CPU
		{C05E207D-3CD1-498B-BEE4-D52AE53899F3}.Release|Any CPU.ActiveCfg = Release|Any CPU
		{C05E207D-3CD1-498B-BEE4-D52AE53899F3}.Release|Any CPU.Build.0 = Release|Any CPU
	EndGlobalSection
	GlobalSection(SolutionProperties) = preSolution
		HideSolutionNode = FALSE
	EndGlobalSection
	GlobalSection(ExtensibilityGlobals) = postSolution
		SolutionGuid = {B5A97F61-55BE-4BD5-9BAA-E2A559B23DCC}
	EndGlobalSection
EndGlobal
